
Microsoft Visual Studio Solution File, Format Version 12.00
# Visual Studio Version 16
VisualStudioVersion = 16.0.30204.135
MinimumVisualStudioVersion = 10.0.40219.1
Project("{FAE04EC0-301F-11D3-BF4B-00C04F79EFBC}") = "SegundoRegistroConDetalle", "SegundoRegistroConDetalle.csproj", "{6019E5C4-69FD-4532-B963-7D5F801764BB}"
EndProject
Global
	GlobalSection(SolutionConfigurationPlatforms) = preSolution
		Debug|Any CPU = Debug|Any CPU
		Release|Any CPU = Release|Any CPU
	EndGlobalSection
	GlobalSection(ProjectConfigurationPlatforms) = postSolution
		{6019E5C4-69FD-4532-B963-7D5F801764BB}.Debug|Any CPU.ActiveCfg = Debug|Any CPU
		{6019E5C4-69FD-4532-B963-7D5F801764BB}.Debug|Any CPU.Build.0 = Debug|Any CPU
		{6019E5C4-69FD-4532-B963-7D5F801764BB}.Release|Any CPU.ActiveCfg = Release|Any CPU
		{6019E5C4-69FD-4532-B963-7D5F801764BB}.Release|Any CPU.Build.0 = Release|Any CPU
	EndGlobalSection
	GlobalSection(SolutionProperties) = preSolution
		HideSolutionNode = FALSE
	EndGlobalSection
	GlobalSection(ExtensibilityGlobals) = postSolution
		SolutionGuid = {08A2C1F5-A493-44B5-BE49-FDE1ADE8CE27}
	EndGlobalSection
EndGlobal
